github.com/go-gomail/gomail v0.0.0-20160411212932-81ebce5c23df h1:Bao6dhmbTA1KFVxmJ6nBoMuOJit2yjEgLJpIMYpop0E=
github.com/go-gomail/gomail v0.0.0-20160411212932-81ebce5c23df/go.mod h1:GJr+FCSXshIwgHBtLglIg9M2l2kQSi6QjVAngtzI08Y=
github.com/paulrosania/go-charset v0.0.0-20190326053356-55c9d7a5834c h1:P6XGcuPTigoHf4TSu+3D/7QOQ1MbL6alNwrGhcW7sKw=
github.com/paulrosania/go-charset v0.0.0-20190326053356-55c9d7a5834c/go.mod h1:YnNlZP7l4MhyGQ4CBRwv6ohZTPrUJJZtEv4ZgADkbs4=
github.com/sendgrid/rest v1.0.2 h1:xdfALkR1m9eqf41/zEnUmV0fw4b31ZzGZ4Dj5f2/w04=
github.com/sendgrid/rest v2.6.2+incompatible h1:zGMNhccsPkIc8SvU9x+qdDz2qhFoGUPGGC4mMvTondA=
github.com/sendgrid/rest v2.6.2+incompatible/go.mod h1:kXX7q3jZtJXK5c5qK83bSGMdV6tsOE70KbHoqJls4lE=
github.com/sendgrid/sendgrid-go v1.2.0 h1:2K3teZdhaPe12ftFyFL4AWDH4QmNPc+sCi6mWFx5+oo=
github.com/sendgrid/sendgrid-go v3.7.2+incompatible h1:ePQr9ns8so+28whk+gLKRYiyI5IiCESkDIqy7cjiwLg=
github.com/sendgrid/sendgrid-go v3.7.2+incompatible/go.mod h1:QRQt+LX/NmgVEvmdRw0VT/QgUn499+iza2FnDca9fg8=
github.com/ungerik/go-rss v0.0.0-20200405130036-81ac15598626 h1:kCZvptlArqbfrFWL0V0YWwV9iXEvMKaUMjJvXQ/wsE4=
github.com/ungerik/go-rss v0.0.0-20200405130036-81ac15598626/go.mod h1:UeGmbG1AM6Cx0FfruZOzOC02lDvXbUWV+06tAxgCoGA=
